
Microsoft Visual Studio Solution File, Format Version 12.00
# Visual Studio Version 16
VisualStudioVersion = 16.0.30804.86
MinimumVisualStudioVersion = 10.0.40219.1
Project("{FAE04EC0-301F-11D3-BF4B-00C04F79EFBC}") = "WebPortal.API", "WebPortal.API.csproj", "{693CE134-F9DF-44AB-B4DC-905B6D396848}"
EndProject
Project("{FAE04EC0-301F-11D3-BF4B-00C04F79EFBC}") = "WebPortal.Database", "..\WebPortal.Database\WebPortal.Database.csproj", "{2ECBE6B3-AC41-4D20-8C47-AB22AF0BFA1B}"
EndProject
Project("{FAE04EC0-301F-11D3-BF4B-00C04F79EFBC}") = "WebPortal.Logic", "..\WebPortal.Logic\WebPortal.Logic.csproj", "{0A16D366-F93A-4B14-845C-187B2055CD77}"
EndProject
Global
	GlobalSection(SolutionConfigurationPlatforms) = preSolution
		Debug|Any CPU = Debug|Any CPU
		Release|Any CPU = Release|Any CPU
	EndGlobalSection
	GlobalSection(ProjectConfigurationPlatforms) = postSolution
		{693CE134-F9DF-44AB-B4DC-905B6D396848}.Debug|Any CPU.ActiveCfg = Debug|Any CPU
		{693CE134-F9DF-44AB-B4DC-905B6D396848}.Debug|Any CPU.Build.0 = Debug|Any CPU
		{693CE134-F9DF-44AB-B4DC-905B6D396848}.Release|Any CPU.ActiveCfg = Release|Any CPU
		{693CE134-F9DF-44AB-B4DC-905B6D396848}.Release|Any CPU.Build.0 = Release|Any CPU
		{2ECBE6B3-AC41-4D20-8C47-AB22AF0BFA1B}.Debug|Any CPU.ActiveCfg = Debug|Any CPU
		{2ECBE6B3-AC41-4D20-8C47-AB22AF0BFA1B}.Debug|Any CPU.Build.0 = Debug|Any CPU
		{2ECBE6B3-AC41-4D20-8C47-AB22AF0BFA1B}.Release|Any CPU.ActiveCfg = Release|Any CPU
		{2ECBE6B3-AC41-4D20-8C47-AB22AF0BFA1B}.Release|Any CPU.Build.0 = Release|Any CPU
		{0A16D366-F93A-4B14-845C-187B2055CD77}.Debug|Any CPU.ActiveCfg = Debug|Any CPU
		{0A16D366-F93A-4B14-845C-187B2055CD77}.Debug|Any CPU.Build.0 = Debug|Any CPU
		{0A16D366-F93A-4B14-845C-187B2055CD77}.Release|Any CPU.ActiveCfg = Release|Any CPU
		{0A16D366-F93A-4B14-845C-187B2055CD77}.Release|Any CPU.Build.0 = Release|Any CPU
	EndGlobalSection
	GlobalSection(SolutionProperties) = preSolution
		HideSolutionNode = FALSE
	EndGlobalSection
	GlobalSection(ExtensibilityGlobals) = postSolution
		SolutionGuid = {4F431DD4-945D-4BD5-B997-DEB4E942B996}
	EndGlobalSection
EndGlobal
